
Microsoft Visual Studio Solution File, Format Version 12.00
# Visual Studio Version 17
VisualStudioVersion = 17.3.32922.545
MinimumVisualStudioVersion = 10.0.40219.1
Project("{FAE04EC0-301F-11D3-BF4B-00C04F79EFBC}") = "Cw_4_isi5", "Cw_4_isi5\Cw_4_isi5.csproj", "{E5F41D34-9E19-4AFD-9509-83F6A27137FC}"
EndProject
Global
	GlobalSection(SolutionConfigurationPlatforms) = preSolution
		Debug|Any CPU = Debug|Any CPU
		Release|Any CPU = Release|Any CPU
	EndGlobalSection
	GlobalSection(ProjectConfigurationPlatforms) = postSolution
		{E5F41D34-9E19-4AFD-9509-83F6A27137FC}.Debug|Any CPU.ActiveCfg = Debug|Any CPU
		{E5F41D34-9E19-4AFD-9509-83F6A27137FC}.Debug|Any CPU.Build.0 = Debug|Any CPU
		{E5F41D34-9E19-4AFD-9509-83F6A27137FC}.Release|Any CPU.ActiveCfg = Release|Any CPU
		{E5F41D34-9E19-4AFD-9509-83F6A27137FC}.Release|Any CPU.Build.0 = Release|Any CPU
	EndGlobalSection
	GlobalSection(SolutionProperties) = preSolution
		HideSolutionNode = FALSE
	EndGlobalSection
	GlobalSection(ExtensibilityGlobals) = postSolution
		SolutionGuid = {423FBC5D-9789-404B-8684-C08BB1D34A5A}
	EndGlobalSection
EndGlobal
