
Microsoft Visual Studio Solution File, Format Version 12.00
# Visual Studio Version 16
VisualStudioVersion = 16.0.34031.81
MinimumVisualStudioVersion = 10.0.40219.1
Project("{FAE04EC0-301F-11D3-BF4B-00C04F79EFBC}") = "ZD7", "ZD7\ZD7.csproj", "{9D712112-AD9B-4892-81C6-DF497D1E4C71}"
EndProject
Global
	GlobalSection(SolutionConfigurationPlatforms) = preSolution
		Debug|Any CPU = Debug|Any CPU
		Release|Any CPU = Release|Any CPU
	EndGlobalSection
	GlobalSection(ProjectConfigurationPlatforms) = postSolution
		{9D712112-AD9B-4892-81C6-DF497D1E4C71}.Debug|Any CPU.ActiveCfg = Debug|Any CPU
		{9D712112-AD9B-4892-81C6-DF497D1E4C71}.Debug|Any CPU.Build.0 = Debug|Any CPU
		{9D712112-AD9B-4892-81C6-DF497D1E4C71}.Release|Any CPU.ActiveCfg = Release|Any CPU
		{9D712112-AD9B-4892-81C6-DF497D1E4C71}.Release|Any CPU.Build.0 = Release|Any CPU
	EndGlobalSection
	GlobalSection(SolutionProperties) = preSolution
		HideSolutionNode = FALSE
	EndGlobalSection
	GlobalSection(ExtensibilityGlobals) = postSolution
		SolutionGuid = {427FC54D-B3F3-4976-9395-AC1C303683AB}
	EndGlobalSection
EndGlobal
