
Microsoft Visual Studio Solution File, Format Version 12.00
# Visual Studio Version 17
VisualStudioVersion = 17.3.32922.545
MinimumVisualStudioVersion = 10.0.40219.1
Project("{FAE04EC0-301F-11D3-BF4B-00C04F79EFBC}") = "Cw7_isi5", "Cw7_isi5\Cw7_isi5.csproj", "{8BD93744-A5A3-4C5A-B11E-5794D7C9704D}"
EndProject
Global
	GlobalSection(SolutionConfigurationPlatforms) = preSolution
		Debug|Any CPU = Debug|Any CPU
		Release|Any CPU = Release|Any CPU
	EndGlobalSection
	GlobalSection(ProjectConfigurationPlatforms) = postSolution
		{8BD93744-A5A3-4C5A-B11E-5794D7C9704D}.Debug|Any CPU.ActiveCfg = Debug|Any CPU
		{8BD93744-A5A3-4C5A-B11E-5794D7C9704D}.Debug|Any CPU.Build.0 = Debug|Any CPU
		{8BD93744-A5A3-4C5A-B11E-5794D7C9704D}.Release|Any CPU.ActiveCfg = Release|Any CPU
		{8BD93744-A5A3-4C5A-B11E-5794D7C9704D}.Release|Any CPU.Build.0 = Release|Any CPU
	EndGlobalSection
	GlobalSection(SolutionProperties) = preSolution
		HideSolutionNode = FALSE
	EndGlobalSection
	GlobalSection(ExtensibilityGlobals) = postSolution
		SolutionGuid = {23B0032A-C700-4AA0-9015-D682E5490B37}
	EndGlobalSection
EndGlobal
